PODS:
  - SAMKeychain (1.5.3)
  - YQJRFoundation (0.0.4):
    - SAMKeychain (= 1.5.3)

DEPENDENCIES:
  - YQJRFoundation (from `../`)

SPEC REPOS:
  https://github.com/CocoaPods/Specs.git:
    - SAMKeychain

EXTERNAL SOURCES:
  YQJRFoundation:
    :path: "../"

SPEC CHECKSUMS:
  SAMKeychain: 483e1c9f32984d50ca961e26818a534283b4cd5c
  YQJRFoundation: 35d35dbb221b92a061c90404b9cd44d66a8e7714

PODFILE CHECKSUM: 90ccc31db9808c41ede534cdd5548632d06eb6d2

COCOAPODS: 1.9.1
