PODS:
  - SAMKeychain (1.5.3)
  - YQJRFoundation (0.0.6):
    - SAMKeychain (= 1.5.3)

DEPENDENCIES:
  - YQJRFoundation (from `../`)

SPEC REPOS:
  https://github.com/CocoaPods/Specs.git:
    - SAMKeychain

EXTERNAL SOURCES:
  YQJRFoundation:
    :path: "../"

SPEC CHECKSUMS:
  SAMKeychain: 483e1c9f32984d50ca961e26818a534283b4cd5c
  YQJRFoundation: a18ac7752ef4ff2132dc882628eb2357b02dc5cc

PODFILE CHECKSUM: 90ccc31db9808c41ede534cdd5548632d06eb6d2

COCOAPODS: 1.9.1
